
Microsoft Visual Studio Solution File, Format Version 12.00
# Visual Studio 15
VisualStudioVersion = 15.0.27130.2027
MinimumVisualStudioVersion = 10.0.40219.1
Project("{2150E333-8FDC-42A3-9474-1A3956D46DE8}") = "Solution Items", "Solution Items", "{1A270AEC-6549-4F90-87C6-FBDBCACBAF0D}"
	ProjectSection(SolutionItems) = preProject
		Deployment.txt = Deployment.txt
		Client.Web\global.json = Client.Web\global.json
	EndProjectSection
EndProject
Project("{FAE04EC0-301F-11D3-BF4B-00C04F79EFBC}") = "Banking.Core.Business", "Core.Business\Banking.Core.Business.csproj", "{75A451A6-0D82-422A-8813-918DF2F48837}"
EndProject
Project("{FAE04EC0-301F-11D3-BF4B-00C04F79EFBC}") = "Banking.Client.Console", "Client.Console\Banking.Client.Console.csproj", "{B3C0A4C5-7EC0-457F-B24F-21329CEAF948}"
EndProject
Project("{FAE04EC0-301F-11D3-BF4B-00C04F79EFBC}") = "Banking.Core.Common", "Core.Common\Banking.Core.Common.csproj", "{769BEACB-5F89-48F1-BBDA-B90971669AF6}"
EndProject
Project("{FAE04EC0-301F-11D3-BF4B-00C04F79EFBC}") = "Banking.Core.Tests", "Core.Tests\Banking.Core.Tests.csproj", "{CC17084A-EB80-4215-84CC-FC91E7CC562C}"
EndProject
Project("{FAE04EC0-301F-11D3-BF4B-00C04F79EFBC}") = "Banking.Core.DataAccess", "Core.DataAccess\Banking.Core.DataAccess.csproj", "{91793371-1C74-46E6-BF2B-689463728D0C}"
EndProject
Project("{FAE04EC0-301F-11D3-BF4B-00C04F79EFBC}") = "Banking.Core.DataStore", "Core.DataStore\Banking.Core.DataStore.csproj", "{F79A7936-7637-4730-BC48-C177E8DC61FF}"
EndProject
Project("{FAE04EC0-301F-11D3-BF4B-00C04F79EFBC}") = "Banking.Client.Web", "Web.Client.Banking\Banking.Client.Web.csproj", "{55B2818F-0C44-482E-B55D-D9C63CAD567A}"
EndProject
Project("{FAE04EC0-301F-11D3-BF4B-00C04F79EFBC}") = "Banking.NETCore.API", "Web.CoreAPI.Banking\Banking.NETCore.API.csproj", "{16AF095D-5699-4A07-8F0A-02BBDE982B44}"
EndProject
Global
	GlobalSection(SolutionConfigurationPlatforms) = preSolution
		Debug|Any CPU = Debug|Any CPU
		Release|Any CPU = Release|Any CPU
	EndGlobalSection
	GlobalSection(ProjectConfigurationPlatforms) = postSolution
		{75A451A6-0D82-422A-8813-918DF2F48837}.Debug|Any CPU.ActiveCfg = Debug|Any CPU
		{75A451A6-0D82-422A-8813-918DF2F48837}.Debug|Any CPU.Build.0 = Debug|Any CPU
		{75A451A6-0D82-422A-8813-918DF2F48837}.Release|Any CPU.ActiveCfg = Release|Any CPU
		{75A451A6-0D82-422A-8813-918DF2F48837}.Release|Any CPU.Build.0 = Release|Any CPU
		{B3C0A4C5-7EC0-457F-B24F-21329CEAF948}.Debug|Any CPU.ActiveCfg = Debug|Any CPU
		{B3C0A4C5-7EC0-457F-B24F-21329CEAF948}.Debug|Any CPU.Build.0 = Debug|Any CPU
		{B3C0A4C5-7EC0-457F-B24F-21329CEAF948}.Release|Any CPU.ActiveCfg = Release|Any CPU
		{B3C0A4C5-7EC0-457F-B24F-21329CEAF948}.Release|Any CPU.Build.0 = Release|Any CPU
		{769BEACB-5F89-48F1-BBDA-B90971669AF6}.Debug|Any CPU.ActiveCfg = Debug|Any CPU
		{769BEACB-5F89-48F1-BBDA-B90971669AF6}.Debug|Any CPU.Build.0 = Debug|Any CPU
		{769BEACB-5F89-48F1-BBDA-B90971669AF6}.Release|Any CPU.ActiveCfg = Release|Any CPU
		{769BEACB-5F89-48F1-BBDA-B90971669AF6}.Release|Any CPU.Build.0 = Release|Any CPU
		{CC17084A-EB80-4215-84CC-FC91E7CC562C}.Debug|Any CPU.ActiveCfg = Debug|Any CPU
		{CC17084A-EB80-4215-84CC-FC91E7CC562C}.Debug|Any CPU.Build.0 = Debug|Any CPU
		{CC17084A-EB80-4215-84CC-FC91E7CC562C}.Release|Any CPU.ActiveCfg = Release|Any CPU
		{CC17084A-EB80-4215-84CC-FC91E7CC562C}.Release|Any CPU.Build.0 = Release|Any CPU
		{91793371-1C74-46E6-BF2B-689463728D0C}.Debug|Any CPU.ActiveCfg = Debug|Any CPU
		{91793371-1C74-46E6-BF2B-689463728D0C}.Debug|Any CPU.Build.0 = Debug|Any CPU
		{91793371-1C74-46E6-BF2B-689463728D0C}.Release|Any CPU.ActiveCfg = Release|Any CPU
		{91793371-1C74-46E6-BF2B-689463728D0C}.Release|Any CPU.Build.0 = Release|Any CPU
		{F79A7936-7637-4730-BC48-C177E8DC61FF}.Debug|Any CPU.ActiveCfg = Debug|Any CPU
		{F79A7936-7637-4730-BC48-C177E8DC61FF}.Debug|Any CPU.Build.0 = Debug|Any CPU
		{F79A7936-7637-4730-BC48-C177E8DC61FF}.Release|Any CPU.ActiveCfg = Release|Any CPU
		{F79A7936-7637-4730-BC48-C177E8DC61FF}.Release|Any CPU.Build.0 = Release|Any CPU
		{55B2818F-0C44-482E-B55D-D9C63CAD567A}.Debug|Any CPU.ActiveCfg = Debug|Any CPU
		{55B2818F-0C44-482E-B55D-D9C63CAD567A}.Debug|Any CPU.Build.0 = Debug|Any CPU
		{55B2818F-0C44-482E-B55D-D9C63CAD567A}.Release|Any CPU.ActiveCfg = Release|Any CPU
		{55B2818F-0C44-482E-B55D-D9C63CAD567A}.Release|Any CPU.Build.0 = Release|Any CPU
		{16AF095D-5699-4A07-8F0A-02BBDE982B44}.Debug|Any CPU.ActiveCfg = Debug|Any CPU
		{16AF095D-5699-4A07-8F0A-02BBDE982B44}.Debug|Any CPU.Build.0 = Debug|Any CPU
		{16AF095D-5699-4A07-8F0A-02BBDE982B44}.Release|Any CPU.ActiveCfg = Release|Any CPU
		{16AF095D-5699-4A07-8F0A-02BBDE982B44}.Release|Any CPU.Build.0 = Release|Any CPU
	EndGlobalSection
	GlobalSection(SolutionProperties) = preSolution
		HideSolutionNode = FALSE
	EndGlobalSection
	GlobalSection(ExtensibilityGlobals) = postSolution
		SolutionGuid = {1C572FD8-8F73-4078-B3C7-3C078779959F}
	EndGlobalSection
EndGlobal
